PODS:
  - Alamofire (4.7.2)
  - AttributedLib (1.3.0)
  - BEMCheckBox (1.4.1)
  - ChameleonFramework/Default (2.1.0)
  - ChameleonFramework/Swift (2.1.0):
    - ChameleonFramework/Default
  - DGActivityIndicatorView (2.1.1)
  - Gemini (1.2.0)
  - HBDNavigationBar (1.1.0)
  - Hero (1.0.1)
  - IGListKit (3.1.1):
    - IGListKit/Default (= 3.1.1)
  - IGListKit/Default (3.1.1):
    - IGListKit/Diffing
  - IGListKit/Diffing (3.1.1)
  - IQKeyboardManagerSwift (5.0.7)
  - Kingfisher (4.6.1)
  - MJRefresh (3.1.15.1)
  - Moya (8.0.5):
    - Moya/Core (= 8.0.5)
  - Moya/Core (8.0.5):
    - Alamofire (~> 4.1)
    - Result (~> 3.0)
  - NVActivityIndicatorView (4.1.1):
    - NVActivityIndicatorView/Presenter (= 4.1.1)
  - NVActivityIndicatorView/Presenter (4.1.1)
  - Onboard (2.3.1)
  - PasswordTextField (1.0.5)
  - pop (1.0.10)
  - PromiseKit (4.2.2):
    - PromiseKit/Foundation (= 4.2.2)
    - PromiseKit/QuartzCore (= 4.2.2)
    - PromiseKit/UIKit (= 4.2.2)
  - PromiseKit/CorePromise (4.2.2)
  - PromiseKit/Foundation (4.2.2):
    - PromiseKit/CorePromise
  - PromiseKit/QuartzCore (4.2.2):
    - PromiseKit/CorePromise
  - PromiseKit/UIKit (4.2.2):
    - PromiseKit/CorePromise
  - ReactorKit (1.1.0):
    - RxSwift (>= 4.0.0)
  - Realm (3.1.0):
    - Realm/Headers (= 3.1.0)
  - Realm/Headers (3.1.0)
  - Result (3.2.4)
  - Reusable (4.0.0):
    - Reusable/Storyboard (= 4.0.0)
    - Reusable/View (= 4.0.0)
  - Reusable/Storyboard (4.0.0)
  - Reusable/View (4.0.0)
  - Reveal-SDK (4)
  - RTRootNavigationController (0.6.6):
    - RTRootNavigationController/Core (= 0.6.6)
  - RTRootNavigationController/Core (0.6.6)
  - RxCocoa (4.1.1):
    - RxSwift (~> 4.0)
  - RxGesture (1.2.1):
    - RxCocoa (~> 4.0)
    - RxSwift (~> 4.0)
  - RxSwift (4.1.1)
  - SJFullscreenPopGesture (1.4.0.4)
  - SkeletonView (1.0.4)
  - SnapKit (3.2.0)
  - SVProgressHUD (2.2.5)
  - SwifterSwift (3.2.0):
    - SwifterSwift/AppKit (= 3.2.0)
    - SwifterSwift/CoreGraphics (= 3.2.0)
    - SwifterSwift/CoreLocation (= 3.2.0)
    - SwifterSwift/Foundation (= 3.2.0)
    - SwifterSwift/SwiftStdlib (= 3.2.0)
    - SwifterSwift/UIKit (= 3.2.0)
  - SwifterSwift/AppKit (3.2.0)
  - SwifterSwift/CoreGraphics (3.2.0)
  - SwifterSwift/CoreLocation (3.2.0)
  - SwifterSwift/Foundation (3.2.0)
  - SwifterSwift/SwiftStdlib (3.2.0)
  - SwifterSwift/UIKit (3.2.0)
  - SwiftLint (0.24.2)
  - SwiftRichString (0.9.10)
  - SwiftyBeaver (1.5.1)
  - SwiftyUserDefaults (3.0.0)
  - Then (2.3.0)
  - UIFontComplete (3.0.0)
  - Unbox (2.5.0)
  - UPYUN (2.0.2):
    - UPYUN/class (= 2.0.2)
    - UPYUN/class_deprecated (= 2.0.2)
  - UPYUN/class (2.0.2)
  - UPYUN/class_deprecated (2.0.2)
  - ViewAnimator (1.0.4)
  - WMPageController (2.4.3)
  - XXNibBridge (2.3.1)
  - YYText (1.0.7)

DEPENDENCIES:
  - Alamofire (~> 4.5)
  - AttributedLib (= 1.3.0)
  - BEMCheckBox
  - ChameleonFramework/Swift (from `https://github.com/ViccAlexander/Chameleon.git`)
  - DGActivityIndicatorView
  - Gemini
  - HBDNavigationBar
  - Hero
  - IGListKit (~> 3.0)
  - IQKeyboardManagerSwift
  - Kingfisher
  - MJRefresh (~> 3.1.12)
  - Moya (~> 8.0.5)
  - NVActivityIndicatorView (from `https://github.com/LeeShiYoung/NVActivityIndicatorView.git`)
  - Onboard
  - PasswordTextField
  - pop (~> 1.0)
  - PromiseKit (~> 4.2.2)
  - ReactorKit
  - Realm
  - Reusable
  - Reveal-SDK (~> 4)
  - RTRootNavigationController
  - RxCocoa
  - RxGesture
  - RxSwift
  - SJFullscreenPopGesture
  - SkeletonView
  - SnapKit (~> 3.2.0)
  - SVProgressHUD (from `https://github.com/LeeShiYoung/SVProgressHUD.git`)
  - SwifterSwift (~> 3.2.0)
  - SwiftLint
  - SwiftRichString (= 0.9.10)
  - SwiftyBeaver
  - SwiftyUserDefaults
  - Then
  - UIFontComplete
  - Unbox
  - UPYUN (~> 2.0.2)
  - ViewAnimator
  - WMPageController (~> 2.4.0)
  - XXNibBridge (from `https://github.com/sunnyxx/XXNibBridge.git`)
  - YYText

EXTERNAL SOURCES:
  ChameleonFramework:
    :git: https://github.com/ViccAlexander/Chameleon.git
  NVActivityIndicatorView:
    :git: https://github.com/LeeShiYoung/NVActivityIndicatorView.git
  SVProgressHUD:
    :git: https://github.com/LeeShiYoung/SVProgressHUD.git
  XXNibBridge:
    :git: https://github.com/sunnyxx/XXNibBridge.git

CHECKOUT OPTIONS:
  ChameleonFramework:
    :commit: 6dd284bde21ea2e7f9fd89bc36f40df16e16369d
    :git: https://github.com/ViccAlexander/Chameleon.git
  NVActivityIndicatorView:
    :commit: a33947d409f61fb21fc1f1962a823e68de82f51a
    :git: https://github.com/LeeShiYoung/NVActivityIndicatorView.git
  SVProgressHUD:
    :commit: 05a4a64bab727d349987d645c307225870d89bba
    :git: https://github.com/LeeShiYoung/SVProgressHUD.git
  XXNibBridge:
    :commit: 57c6b7703a811e96b75190c1421f0a61a0638a99
    :git: https://github.com/sunnyxx/XXNibBridge.git

SPEC CHECKSUMS:
  Alamofire: e4fa87002c137ba2d8d634d2c51fabcda0d5c223
  AttributedLib: 75e8b68200d9e7db0a4f463476c78582aa598fc8
  BEMCheckBox: 5ba6e37ade3d3657b36caecc35c8b75c6c2b1a4e
  ChameleonFramework: d21a3cc247abfe5e37609a283a8238b03575cf64
  DGActivityIndicatorView: ff2c76073d79692f724863c8dd38685866a03cb6
  Gemini: acff98012273066f1b83c887731260abfaf18ec5
  HBDNavigationBar: a2a0c5b8236c14d7329d485f0d8cb4f2dfc7304f
  Hero: cee286821578e170d8c0c9c9cda7897357401112
  IGListKit: cb97f405ae43e59fe1da74271e19427ec20d3c07
  IQKeyboardManagerSwift: 30fb3a61de1af53a95e02b80fb54ed0a19d5ede5
  Kingfisher: 1f9157d9c02b380cbd0b7cc890161195164eb634
  MJRefresh: 5f8552bc25ca8751c010f621c1098dbdaacbccd6
  Moya: c37eec09a098ba9991b5a963b291fc5704bdb9ef
  NVActivityIndicatorView: 19ed1aed898add15987f6ff19839a462ea3e97c4
  Onboard: b6871f25ac753175b2ab9a362fb2feb26a81a311
  PasswordTextField: 1c19b7a67574872a0d41ae21f04664bcc339d76e
  pop: 82ca6b068ce9278fd350fd9dd09482a0ce9492e6
  PromiseKit: 00e8886881f151c7e573d06b437915b0bb2970ec
  ReactorKit: 26470a9eff5094fae909a30af0be7cd0cf8a182d
  Realm: 09513d7c054678d65cd02ce09871f805b0d758ac
  Result: d2d07204ce72856f1fd9130bbe42c35a7b0fea10
  Reusable: 98e5fff1e0e2e00872199699b276dde08ee56c07
  Reveal-SDK: 178c927f1a3230648d3a92b96f6e730a35b2750a
  RTRootNavigationController: 1429554f853e8319a383849befed73d5dc58a108
  RxCocoa: fd0862fd2df95fa55562ad28ffd2522c25eb4a85
  RxGesture: c278eb05b187abd47e11e65464ae4de53ab71d95
  RxSwift: c6e3b1c7b325c7d121cd4327e9d98b7ed746b570
  SJFullscreenPopGesture: b0a00e8d72811f8e0ea7b0a60e514ea9082ae2d2
  SkeletonView: 933a9442b08c3550f61c2ae38a02456a74ad86f4
  SnapKit: 1ca44df72cfa543218d177cb8aab029d10d86ea7
  SVProgressHUD: 1428aafac632c1f86f62aa4243ec12008d7a51d6
  SwifterSwift: e009210d995737f54c1fbffc5a3f004c8467ab1d
  SwiftLint: 2aa21b96c8d13396a051bc1cb659d2ce1e0075b0
  SwiftRichString: 1e31aec5666feea03f802f41fc237160cf7119b6
  SwiftyBeaver: 4f74563624b2c1e821c522c54142b5dd5ebb0f30
  SwiftyUserDefaults: 0f1d45fc3aafb9064dac661e367f8f83fe21a4b4
  Then: ee21c97b85ff6062b9b0080c9abb1eea46743345
  UIFontComplete: 5b0f59a83308816c610164b79a2540b3520f9b72
  Unbox: 30e437e6151a6de16139375fd4e8dd9a664cfbf7
  UPYUN: daef9046168c4cd860814a31698411cbe02b1302
  ViewAnimator: 1f3fa25f3c9010ab0dda06cf9e3e49a4b55834ff
  WMPageController: 4c7f2c636675a71aea5eecf8fdc07a0ce86954e3
  XXNibBridge: addb780e6db076eb2c61716aa60b176a6799b80f
  YYText: 5c461d709e24d55a182d1441c41dc639a18a4849

PODFILE CHECKSUM: 53cfdf0ba19f3eb334471350d0b9ac5bb124dfb4

COCOAPODS: 1.4.0
