PODS:
  - Alamofire (4.6.0)
  - ARCL (1.0.2)
  - boost (1.59.0):
    - boost/graph-includes (= 1.59.0)
    - boost/math-includes (= 1.59.0)
    - boost/numeric-includes (= 1.59.0)
    - boost/pointer_cast-includes (= 1.59.0)
    - boost/preprocessor-includes (= 1.59.0)
    - boost/shared_ptr-includes (= 1.59.0)
    - boost/string_algorithms-includes (= 1.59.0)
  - boost-for-react-native (1.63.0)
  - boost/graph-includes (1.59.0)
  - boost/math-includes (1.59.0)
  - boost/numeric-includes (1.59.0)
  - boost/pointer_cast-includes (1.59.0)
  - boost/preprocessor-includes (1.59.0)
  - boost/shared_ptr-includes (1.59.0)
  - boost/string_algorithms-includes (1.59.0)
  - ChameleonFramework/Default (2.1.0)
  - ChameleonFramework/Swift (2.1.0):
    - ChameleonFramework/Default
  - Charts (3.0.5):
    - Charts/Core (= 3.0.5)
  - Charts/Core (3.0.5)
  - DoubleConversion (1.1.5)
  - Folly (2016.09.26.00):
    - boost-for-react-native
    - DoubleConversion
    - GLog
  - Gemini (1.2.0)
  - GLog (0.3.4)
  - Hero (1.0.1)
  - IGListKit (3.1.1):
    - IGListKit/Default (= 3.1.1)
  - IGListKit/Default (3.1.1):
    - IGListKit/Diffing
  - IGListKit/Diffing (3.1.1)
  - ImagePicker (3.0.0)
  - ImageViewer (5.0.0)
  - IQKeyboardManagerSwift (5.0.7)
  - Kingfisher (4.6.1)
  - MJRefresh (3.1.15.1)
  - Moya (10.0.1):
    - Moya/Core (= 10.0.1)
  - Moya/Core (10.0.1):
    - Alamofire (~> 4.1)
    - Result (~> 3.0)
  - Onboard (2.3.1)
  - PasswordTextField (1.0.5)
  - pop (1.0.10)
  - PromiseKit (4.5.1):
    - PromiseKit/Foundation (= 4.5.1)
    - PromiseKit/QuartzCore (= 4.5.1)
    - PromiseKit/UIKit (= 4.5.1)
  - PromiseKit/CorePromise (4.5.1)
  - PromiseKit/Foundation (4.5.1):
    - PromiseKit/CorePromise
  - PromiseKit/QuartzCore (4.5.1):
    - PromiseKit/CorePromise
  - PromiseKit/UIKit (4.5.1):
    - PromiseKit/CorePromise
  - React/Core (0.51.0):
    - yoga (= 0.51.0.React)
  - React/CxxBridge (0.51.0):
    - Folly (= 2016.09.26.00)
    - React/Core
    - React/cxxreact
  - React/cxxreact (0.51.0):
    - boost
    - Folly (= 2016.09.26.00)
    - React/jschelpers
  - React/DevSupport (0.51.0):
    - React/Core
    - React/RCTWebSocket
  - React/fishhook (0.51.0)
  - React/jschelpers (0.51.0):
    - Folly (= 2016.09.26.00)
    - React/PrivateDatabase
  - React/PrivateDatabase (0.51.0)
  - React/RCTBlob (0.51.0):
    - React/Core
  - React/RCTNetwork (0.51.0):
    - React/Core
  - React/RCTText (0.51.0):
    - React/Core
  - React/RCTWebSocket (0.51.0):
    - React/Core
    - React/fishhook
    - React/RCTBlob
  - ReactorKit (1.1.0):
    - RxSwift (>= 4.0.0)
  - Realm (3.1.0):
    - Realm/Headers (= 3.1.0)
  - Realm/Headers (3.1.0)
  - Result (3.2.4)
  - Reusable (4.0.0):
    - Reusable/Storyboard (= 4.0.0)
    - Reusable/View (= 4.0.0)
  - Reusable/Storyboard (4.0.0)
  - Reusable/View (4.0.0)
  - Reveal-SDK (4)
  - RxCocoa (4.1.1):
    - RxSwift (~> 4.0)
  - RxGesture (1.2.1):
    - RxCocoa (~> 4.0)
    - RxSwift (~> 4.0)
  - RxSwift (4.1.1)
  - SJFullscreenPopGesture (1.2.2):
    - SJObserverHelper
  - SJObserverHelper (1.0.3)
  - SkeletonView (1.0.4)
  - SnapKit (4.0.0)
  - SwifterSwift (4.1.1):
    - SwifterSwift/AppKit (= 4.1.1)
    - SwifterSwift/CoreGraphics (= 4.1.1)
    - SwifterSwift/CoreLocation (= 4.1.1)
    - SwifterSwift/Foundation (= 4.1.1)
    - SwifterSwift/SwiftStdlib (= 4.1.1)
    - SwifterSwift/UIKit (= 4.1.1)
  - SwifterSwift/AppKit (4.1.1)
  - SwifterSwift/CoreGraphics (4.1.1)
  - SwifterSwift/CoreLocation (4.1.1)
  - SwifterSwift/Foundation (4.1.1)
  - SwifterSwift/SwiftStdlib (4.1.1)
  - SwifterSwift/UIKit (4.1.1)
  - SwiftLint (0.24.2)
  - SwiftyBeaver (1.5.1)
  - SwiftyUserDefaults (3.0.0)
  - Then (2.3.0)
  - Unbox (2.5.0)
  - ViewAnimator (1.0.4)
  - yoga (0.51.0.React)

DEPENDENCIES:
  - Alamofire (~> 4.5)
  - ARCL
  - ChameleonFramework/Swift (from `https://github.com/ViccAlexander/Chameleon.git`)
  - Charts
  - DoubleConversion (from `./ReactNative/node_modules/react-native/third-party-podspecs/DoubleConversion.podspec`)
  - Folly (from `./ReactNative/node_modules/react-native/third-party-podspecs/Folly.podspec`)
  - Gemini
  - GLog (from `./ReactNative/node_modules/react-native/third-party-podspecs/GLog.podspec`)
  - Hero
  - IGListKit (~> 3.0)
  - ImagePicker
  - ImageViewer
  - IQKeyboardManagerSwift
  - Kingfisher
  - MJRefresh
  - Moya (~> 10.0)
  - Onboard
  - PasswordTextField
  - pop (~> 1.0)
  - PromiseKit (~> 4.4)
  - React/Core (from `./ReactNative/node_modules/react-native`)
  - React/CxxBridge (from `./ReactNative/node_modules/react-native`)
  - React/DevSupport (from `./ReactNative/node_modules/react-native`)
  - React/RCTNetwork (from `./ReactNative/node_modules/react-native`)
  - React/RCTText (from `./ReactNative/node_modules/react-native`)
  - React/RCTWebSocket (from `./ReactNative/node_modules/react-native`)
  - ReactorKit
  - Realm
  - Reusable
  - Reveal-SDK (~> 4)
  - RxCocoa
  - RxGesture
  - RxSwift
  - SJFullscreenPopGesture
  - SkeletonView
  - SnapKit (~> 4.0.0)
  - SwifterSwift
  - SwiftLint
  - SwiftyBeaver
  - SwiftyUserDefaults
  - Then
  - Unbox
  - ViewAnimator
  - yoga (from `./ReactNative/node_modules/react-native/ReactCommon/yoga`)

EXTERNAL SOURCES:
  ChameleonFramework:
    :git: https://github.com/ViccAlexander/Chameleon.git
  DoubleConversion:
    :podspec: ./ReactNative/node_modules/react-native/third-party-podspecs/DoubleConversion.podspec
  Folly:
    :podspec: ./ReactNative/node_modules/react-native/third-party-podspecs/Folly.podspec
  GLog:
    :podspec: ./ReactNative/node_modules/react-native/third-party-podspecs/GLog.podspec
  React:
    :path: ./ReactNative/node_modules/react-native
  yoga:
    :path: ./ReactNative/node_modules/react-native/ReactCommon/yoga

CHECKOUT OPTIONS:
  ChameleonFramework:
    :commit: 6dd284bde21ea2e7f9fd89bc36f40df16e16369d
    :git: https://github.com/ViccAlexander/Chameleon.git

SPEC CHECKSUMS:
  Alamofire: f41a599bd63041760b26d393ec1069d9d7b917f4
  ARCL: 88300cadfbdd6a9288ca17ad18d3ac972d6cb1e6
  boost: 61736773165d41c9367246936c0db5cf9352fc7f
  boost-for-react-native: 39c7adb57c4e60d6c5479dd8623128eb5b3f0f2c
  ChameleonFramework: d21a3cc247abfe5e37609a283a8238b03575cf64
  Charts: 45cdc985b764c838b35ee47eb1365d15735f6d1a
  DoubleConversion: ebb6747c5b66026ad4f97b789c3ceac6f18e57a6
  Folly: 0e765a0b56a1bf180dcbd51ee178cd3a1e2ab986
  Gemini: acff98012273066f1b83c887731260abfaf18ec5
  GLog: ed471a3ad6ad53eefb343a530f15dad283e5ef51
  Hero: cee286821578e170d8c0c9c9cda7897357401112
  IGListKit: cb97f405ae43e59fe1da74271e19427ec20d3c07
  ImagePicker: 973953c25960fe04729a7082a56194321c6762d2
  ImageViewer: 3def6e39c6979ce3e9d001c78eec0d8b895f2f73
  IQKeyboardManagerSwift: 30fb3a61de1af53a95e02b80fb54ed0a19d5ede5
  Kingfisher: 1f9157d9c02b380cbd0b7cc890161195164eb634
  MJRefresh: 5f8552bc25ca8751c010f621c1098dbdaacbccd6
  Moya: 9e621707ff754eeb51ff3ec51a3d54e517c0733a
  Onboard: b6871f25ac753175b2ab9a362fb2feb26a81a311
  PasswordTextField: 1c19b7a67574872a0d41ae21f04664bcc339d76e
  pop: 82ca6b068ce9278fd350fd9dd09482a0ce9492e6
  PromiseKit: 445dac9b2c3c3b4b31b5f842bc325700b848a8bd
  React: 352f02f1db6e4744f9a758527e13e3fdefbbd6ba
  ReactorKit: 26470a9eff5094fae909a30af0be7cd0cf8a182d
  Realm: 09513d7c054678d65cd02ce09871f805b0d758ac
  Result: d2d07204ce72856f1fd9130bbe42c35a7b0fea10
  Reusable: 98e5fff1e0e2e00872199699b276dde08ee56c07
  Reveal-SDK: 178c927f1a3230648d3a92b96f6e730a35b2750a
  RxCocoa: fd0862fd2df95fa55562ad28ffd2522c25eb4a85
  RxGesture: c278eb05b187abd47e11e65464ae4de53ab71d95
  RxSwift: c6e3b1c7b325c7d121cd4327e9d98b7ed746b570
  SJFullscreenPopGesture: b2c9e5d2903bdb3645c40f260114be8f5cc983cb
  SJObserverHelper: b270d707cd18ab76538596aa4e98cf798c9e9868
  SkeletonView: 933a9442b08c3550f61c2ae38a02456a74ad86f4
  SnapKit: a42d492c16e80209130a3379f73596c3454b7694
  SwifterSwift: bfcae9d659dfd306d164f13f72cad09198f30723
  SwiftLint: 2aa21b96c8d13396a051bc1cb659d2ce1e0075b0
  SwiftyBeaver: 4f74563624b2c1e821c522c54142b5dd5ebb0f30
  SwiftyUserDefaults: 0f1d45fc3aafb9064dac661e367f8f83fe21a4b4
  Then: ee21c97b85ff6062b9b0080c9abb1eea46743345
  Unbox: 30e437e6151a6de16139375fd4e8dd9a664cfbf7
  ViewAnimator: 1f3fa25f3c9010ab0dda06cf9e3e49a4b55834ff
  yoga: b5d96400ca8b2936965a7a6516da7c1177f432a3

PODFILE CHECKSUM: e73ae570d292fef31bfa4fef1459531711185540

COCOAPODS: 1.3.1
